
Microsoft Visual Studio Solution File, Format Version 12.00
# Visual Studio Version 17
VisualStudioVersion = 17.11.35303.130
MinimumVisualStudioVersion = 10.0.40219.1
Project("{2150E333-8FDC-42A3-9474-1A3956D46DE8}") = "Task0", "Task0", "{2793E69D-5071-48E5-85EB-CACDCF0F5106}"
EndProject
Project("{9A19103F-16F7-4668-BE54-9A1E7A4F7556}") = "Tyuiu.AkhtarievaNR.Sprint1.Task0.V19", "Tyuiu.AkhtarievaNR.Sprint1.Task0.V19\Tyuiu.AkhtarievaNR.Sprint1.Task0.V19.csproj", "{07D044F2-1400-45FA-9A96-187800A9C960}"
EndProject
Project("{9A19103F-16F7-4668-BE54-9A1E7A4F7556}") = "Tyuiu.AkhtarievaNR.Sprint1.Task0.V19.Lib", "Tyuiu.AkhtarievaNR.Sprint1.Task0.V19.Lib\Tyuiu.AkhtarievaNR.Sprint1.Task0.V19.Lib.csproj", "{1445A0D1-9119-4BFD-A8A8-3B608872A1BC}"
EndProject
Project("{9A19103F-16F7-4668-BE54-9A1E7A4F7556}") = "Tyuiu.AkhtarievaNR.Sprint1.Task0.V19.Test", "Tyuiu.AkhtarievaNR.Sprint1.Task0.V19.Test\Tyuiu.AkhtarievaNR.Sprint1.Task0.V19.Test.csproj", "{AA394822-8D16-4BAE-B9D7-EEBC9909277D}"
EndProject
Project("{2150E333-8FDC-42A3-9474-1A3956D46DE8}") = "Task1", "Task1", "{8E95B616-FFC0-4D86-B5F6-6EC0C01147D3}"
EndProject
Project("{9A19103F-16F7-4668-BE54-9A1E7A4F7556}") = "Tyuiu.AkhtarievaNR.Sprint1.Task1.V7", "Tyuiu.AkhtarievaNR.Sprint1.Task1.V7\Tyuiu.AkhtarievaNR.Sprint1.Task1.V7.csproj", "{E57D5F55-F395-4E00-AF48-142971FC113D}"
EndProject
Project("{9A19103F-16F7-4668-BE54-9A1E7A4F7556}") = "Tyuiu.AkhtarievaNR.Sprint1.Task1.V7.Lib", "Tyuiu.AkhtarievaNR.Sprint1.Task1.V7.Lib\Tyuiu.AkhtarievaNR.Sprint1.Task1.V7.Lib.csproj", "{E50BD552-AE60-45A0-86CE-4D3055E9655B}"
EndProject
Project("{9A19103F-16F7-4668-BE54-9A1E7A4F7556}") = "Tyuiu.AkhtarievaNR.Sprint1.Task1.V7.Test", "Tyuiu.AkhtarievaNR.Sprint1.Task1.V7.Test\Tyuiu.AkhtarievaNR.Sprint1.Task1.V7.Test.csproj", "{9EED4974-DAA8-4B94-9646-D113D9002848}"
EndProject
Project("{2150E333-8FDC-42A3-9474-1A3956D46DE8}") = "Task2", "Task2", "{30BF263B-4098-4A8E-B64A-4B7D0871506A}"
EndProject
Project("{FAE04EC0-301F-11D3-BF4B-00C04F79EFBC}") = "Tyuiu.AkhtarievaNR.Sprint1.Task2.V25", "Tyuiu.AkhtarievaNR.Sprint1.Task2.V25\Tyuiu.AkhtarievaNR.Sprint1.Task2.V25.csproj", "{77CFA7D6-C1E5-4E57-955A-79C3B023D7C6}"
EndProject
Project("{FAE04EC0-301F-11D3-BF4B-00C04F79EFBC}") = "Tyuiu.AkhtarievaNR.Sprint1.Task2.V25.Test", "Tyuiu.AkhtarievaNR.Sprint1.Task2.V25.Test\Tyuiu.AkhtarievaNR.Sprint1.Task2.V25.Test.csproj", "{8BB2FA98-41F0-40E3-B6EB-2608B7A3D8A9}"
EndProject
Project("{FAE04EC0-301F-11D3-BF4B-00C04F79EFBC}") = "Tyuiu.AkhtarievaNR.Sprint1.Task2.V25.Lib", "Tyuiu.AkhtarievaNR.Sprint1.Task2.V25.Lib\Tyuiu.AkhtarievaNR.Sprint1.Task2.V25.Lib.csproj", "{39639117-2292-424C-9750-291C8DC91F30}"
EndProject
Project("{2150E333-8FDC-42A3-9474-1A3956D46DE8}") = "Task3", "Task3", "{3A3FEEB8-3B48-47DB-87EE-59844F3CF9FF}"
EndProject
Project("{FAE04EC0-301F-11D3-BF4B-00C04F79EFBC}") = "Test", "Test\Test.csproj", "{AA79AB13-901C-481A-95C3-B81B023A6D8B}"
EndProject
Project("{FAE04EC0-301F-11D3-BF4B-00C04F79EFBC}") = "Tyuiu.AkhtarievaNR.Sprint1.Task3.V7", "Tyuiu.AkhtarievaNR.Sprint1.Task3.V7\Tyuiu.AkhtarievaNR.Sprint1.Task3.V7.csproj", "{91B27480-79FB-4347-87BB-6DC20346ADA4}"
EndProject
Project("{FAE04EC0-301F-11D3-BF4B-00C04F79EFBC}") = "Tyuiu.AkhtarievaNR.Sprint1.Task3.V7.Lib", "Tyuiu.AkhtarievaNR.Sprint1.Task3.V7.Lib\Tyuiu.AkhtarievaNR.Sprint1.Task3.V7.Lib.csproj", "{49F35620-3747-4CD1-ADDC-927ECB144880}"
EndProject
Project("{FAE04EC0-301F-11D3-BF4B-00C04F79EFBC}") = "Tyuiu.AkhtarievaNR.Sprint1.Task3.V7.Test", "Tyuiu.AkhtarievaNR.Sprint1.Task3.V7.Test\Tyuiu.AkhtarievaNR.Sprint1.Task3.V7.Test.csproj", "{FE65AC3F-B77B-4FD1-9974-12174BA1FEB2}"
EndProject
Project("{2150E333-8FDC-42A3-9474-1A3956D46DE8}") = "Task4", "Task4", "{0F40E440-0CF2-4FEE-A651-174CE6EDE87C}"
EndProject
Project("{FAE04EC0-301F-11D3-BF4B-00C04F79EFBC}") = "Tyuiu.AkhtarievaNR.Sprint1.Task4.V21", "Tyuiu.AkhtarievaNR.Sprint1.Task4.V21\Tyuiu.AkhtarievaNR.Sprint1.Task4.V21.csproj", "{DADB8C14-33DD-4236-A551-AC40D91E8639}"
EndProject
Project("{FAE04EC0-301F-11D3-BF4B-00C04F79EFBC}") = "Tyuiu.AkhtarievaNR.Sprint1.Task4.V21.Lib", "Tyuiu.AkhtarievaNR.Sprint1.Task4.V21.Lib\Tyuiu.AkhtarievaNR.Sprint1.Task4.V21.Lib.csproj", "{6CE26BA9-4BFF-48BC-BC04-254D4CEE5779}"
EndProject
Project("{FAE04EC0-301F-11D3-BF4B-00C04F79EFBC}") = "Tyuiu.AkhtarievaNR.Sprint1.Task4.V21.Test", "Tyuiu.AkhtarievaNR.Sprint1.Task4.V21.Test\Tyuiu.AkhtarievaNR.Sprint1.Task4.V21.Test.csproj", "{7BD0847E-96A8-4E68-889F-721F1CDE637B}"
EndProject
Project("{2150E333-8FDC-42A3-9474-1A3956D46DE8}") = "Task5", "Task5", "{EA8BC79F-9FF4-42A3-95B0-4666223AB0E4}"
EndProject
Project("{FAE04EC0-301F-11D3-BF4B-00C04F79EFBC}") = "Tyuiu.AkhtarievaNR.Sprint1.Task5.V5", "Tyuiu.AkhtarievaNR.Sprint1.Task5.V5\Tyuiu.AkhtarievaNR.Sprint1.Task5.V5.csproj", "{281E1DF3-453E-406E-BB15-F712D1E2F70C}"
EndProject
Project("{FAE04EC0-301F-11D3-BF4B-00C04F79EFBC}") = "Tyuiu.AkhtarievaNR.Sprint1.Task5.V5.Lib", "Tyuiu.AkhtarievaNR.Sprint1.Task5.V5.Lib\Tyuiu.AkhtarievaNR.Sprint1.Task5.V5.Lib.csproj", "{591CF3B0-D478-4E59-9CDD-ED44E4AECF22}"
EndProject
Project("{FAE04EC0-301F-11D3-BF4B-00C04F79EFBC}") = "Tyuiu.AkhtarievaNR.Sprint1.Task5.V5.Test", "Tyuiu.AkhtarievaNR.Sprint1.Task5.V5.Test\Tyuiu.AkhtarievaNR.Sprint1.Task5.V5.Test.csproj", "{A07B1A6A-CFE4-4F3C-BF81-D8132CEDCE36}"
EndProject
Project("{2150E333-8FDC-42A3-9474-1A3956D46DE8}") = "Task6", "Task6", "{6602663F-4732-4DDE-ADE5-5FAC272387B2}"
EndProject
Project("{FAE04EC0-301F-11D3-BF4B-00C04F79EFBC}") = "Tyuiu.AkhtarievaNR.Sprint1.Task6.V2", "Tyuiu.AkhtarievaNR.Sprint1.Task6.V2\Tyuiu.AkhtarievaNR.Sprint1.Task6.V2.csproj", "{42E13778-7AC4-494E-BF26-E80E36DF32F1}"
EndProject
Project("{FAE04EC0-301F-11D3-BF4B-00C04F79EFBC}") = "Tyuiu.AkhtarievaNR.Sprint1.Task6.V2.Lib", "Tyuiu.AkhtarievaNR.Sprint1.Task6.V2.Lib\Tyuiu.AkhtarievaNR.Sprint1.Task6.V2.Lib.csproj", "{F68E7821-5A1D-4622-9411-BB6B0DDDA711}"
EndProject
Project("{FAE04EC0-301F-11D3-BF4B-00C04F79EFBC}") = "Tyuiu.AkhtarievaNR.Sprint1.Task6.V2.Test", "Tyuiu.AkhtarievaNR.Sprint1.Task6.V2.Test\Tyuiu.AkhtarievaNR.Sprint1.Task6.V2.Test.csproj", "{36F888E1-E838-43FF-B215-F8880176750F}"
EndProject
Project("{2150E333-8FDC-42A3-9474-1A3956D46DE8}") = "Task7", "Task7", "{AF59B181-4652-488F-A849-D8C0066425F0}"
EndProject
Project("{FAE04EC0-301F-11D3-BF4B-00C04F79EFBC}") = "Tyuiu.AkhtarievaNR.Sprint1.Task7.V7", "Tyuiu.AkhtarievaNR.Sprint1.Task7.V7\Tyuiu.AkhtarievaNR.Sprint1.Task7.V7.csproj", "{67670D7A-1AA3-4678-B50B-7FBBA71CBC8D}"
EndProject
Project("{FAE04EC0-301F-11D3-BF4B-00C04F79EFBC}") = "Tyuiu.AkhtarievaNR.Sprint1.Task7.V7.Lib", "Tyuiu.AkhtarievaNR.Sprint1.Task7.V7.Lib\Tyuiu.AkhtarievaNR.Sprint1.Task7.V7.Lib.csproj", "{2797A251-C8FA-4310-97FC-9DA4CF7100A0}"
EndProject
Project("{FAE04EC0-301F-11D3-BF4B-00C04F79EFBC}") = "Tyuiu.AkhtarievaNR.Sprint1.Task7.V7.Test", "Tyuiu.AkhtarievaNR.Sprint1.Task7.V7.Test\Tyuiu.AkhtarievaNR.Sprint1.Task7.V7.Test.csproj", "{A4F7765C-BD39-4C02-A112-016D178BAFEA}"
EndProject
Global
	GlobalSection(SolutionConfigurationPlatforms) = preSolution
		Debug|Any CPU = Debug|Any CPU
		Release|Any CPU = Release|Any CPU
	EndGlobalSection
	GlobalSection(ProjectConfigurationPlatforms) = postSolution
		{07D044F2-1400-45FA-9A96-187800A9C960}.Debug|Any CPU.ActiveCfg = Debug|Any CPU
		{07D044F2-1400-45FA-9A96-187800A9C960}.Debug|Any CPU.Build.0 = Debug|Any CPU
		{07D044F2-1400-45FA-9A96-187800A9C960}.Release|Any CPU.ActiveCfg = Release|Any CPU
		{07D044F2-1400-45FA-9A96-187800A9C960}.Release|Any CPU.Build.0 = Release|Any CPU
		{1445A0D1-9119-4BFD-A8A8-3B608872A1BC}.Debug|Any CPU.ActiveCfg = Debug|Any CPU
		{1445A0D1-9119-4BFD-A8A8-3B608872A1BC}.Debug|Any CPU.Build.0 = Debug|Any CPU
		{1445A0D1-9119-4BFD-A8A8-3B608872A1BC}.Release|Any CPU.ActiveCfg = Release|Any CPU
		{1445A0D1-9119-4BFD-A8A8-3B608872A1BC}.Release|Any CPU.Build.0 = Release|Any CPU
		{AA394822-8D16-4BAE-B9D7-EEBC9909277D}.Debug|Any CPU.ActiveCfg = Debug|Any CPU
		{AA394822-8D16-4BAE-B9D7-EEBC9909277D}.Debug|Any CPU.Build.0 = Debug|Any CPU
		{AA394822-8D16-4BAE-B9D7-EEBC9909277D}.Release|Any CPU.ActiveCfg = Release|Any CPU
		{AA394822-8D16-4BAE-B9D7-EEBC9909277D}.Release|Any CPU.Build.0 = Release|Any CPU
		{E57D5F55-F395-4E00-AF48-142971FC113D}.Debug|Any CPU.ActiveCfg = Debug|Any CPU
		{E57D5F55-F395-4E00-AF48-142971FC113D}.Debug|Any CPU.Build.0 = Debug|Any CPU
		{E57D5F55-F395-4E00-AF48-142971FC113D}.Release|Any CPU.ActiveCfg = Release|Any CPU
		{E57D5F55-F395-4E00-AF48-142971FC113D}.Release|Any CPU.Build.0 = Release|Any CPU
		{E50BD552-AE60-45A0-86CE-4D3055E9655B}.Debug|Any CPU.ActiveCfg = Debug|Any CPU
		{E50BD552-AE60-45A0-86CE-4D3055E9655B}.Debug|Any CPU.Build.0 = Debug|Any CPU
		{E50BD552-AE60-45A0-86CE-4D3055E9655B}.Release|Any CPU.ActiveCfg = Release|Any CPU
		{E50BD552-AE60-45A0-86CE-4D3055E9655B}.Release|Any CPU.Build.0 = Release|Any CPU
		{9EED4974-DAA8-4B94-9646-D113D9002848}.Debug|Any CPU.ActiveCfg = Debug|Any CPU
		{9EED4974-DAA8-4B94-9646-D113D9002848}.Debug|Any CPU.Build.0 = Debug|Any CPU
		{9EED4974-DAA8-4B94-9646-D113D9002848}.Release|Any CPU.ActiveCfg = Release|Any CPU
		{9EED4974-DAA8-4B94-9646-D113D9002848}.Release|Any CPU.Build.0 = Release|Any CPU
		{77CFA7D6-C1E5-4E57-955A-79C3B023D7C6}.Debug|Any CPU.ActiveCfg = Debug|Any CPU
		{77CFA7D6-C1E5-4E57-955A-79C3B023D7C6}.Debug|Any CPU.Build.0 = Debug|Any CPU
		{77CFA7D6-C1E5-4E57-955A-79C3B023D7C6}.Release|Any CPU.ActiveCfg = Release|Any CPU
		{77CFA7D6-C1E5-4E57-955A-79C3B023D7C6}.Release|Any CPU.Build.0 = Release|Any CPU
		{8BB2FA98-41F0-40E3-B6EB-2608B7A3D8A9}.Debug|Any CPU.ActiveCfg = Debug|Any CPU
		{8BB2FA98-41F0-40E3-B6EB-2608B7A3D8A9}.Debug|Any CPU.Build.0 = Debug|Any CPU
		{8BB2FA98-41F0-40E3-B6EB-2608B7A3D8A9}.Release|Any CPU.ActiveCfg = Release|Any CPU
		{8BB2FA98-41F0-40E3-B6EB-2608B7A3D8A9}.Release|Any CPU.Build.0 = Release|Any CPU
		{39639117-2292-424C-9750-291C8DC91F30}.Debug|Any CPU.ActiveCfg = Debug|Any CPU
		{39639117-2292-424C-9750-291C8DC91F30}.Debug|Any CPU.Build.0 = Debug|Any CPU
		{39639117-2292-424C-9750-291C8DC91F30}.Release|Any CPU.ActiveCfg = Release|Any CPU
		{39639117-2292-424C-9750-291C8DC91F30}.Release|Any CPU.Build.0 = Release|Any CPU
		{AA79AB13-901C-481A-95C3-B81B023A6D8B}.Debug|Any CPU.ActiveCfg = Debug|Any CPU
		{AA79AB13-901C-481A-95C3-B81B023A6D8B}.Debug|Any CPU.Build.0 = Debug|Any CPU
		{AA79AB13-901C-481A-95C3-B81B023A6D8B}.Release|Any CPU.ActiveCfg = Release|Any CPU
		{AA79AB13-901C-481A-95C3-B81B023A6D8B}.Release|Any CPU.Build.0 = Release|Any CPU
		{91B27480-79FB-4347-87BB-6DC20346ADA4}.Debug|Any CPU.ActiveCfg = Debug|Any CPU
		{91B27480-79FB-4347-87BB-6DC20346ADA4}.Debug|Any CPU.Build.0 = Debug|Any CPU
		{91B27480-79FB-4347-87BB-6DC20346ADA4}.Release|Any CPU.ActiveCfg = Release|Any CPU
		{91B27480-79FB-4347-87BB-6DC20346ADA4}.Release|Any CPU.Build.0 = Release|Any CPU
		{49F35620-3747-4CD1-ADDC-927ECB144880}.Debug|Any CPU.ActiveCfg = Debug|Any CPU
		{49F35620-3747-4CD1-ADDC-927ECB144880}.Debug|Any CPU.Build.0 = Debug|Any CPU
		{49F35620-3747-4CD1-ADDC-927ECB144880}.Release|Any CPU.ActiveCfg = Release|Any CPU
		{49F35620-3747-4CD1-ADDC-927ECB144880}.Release|Any CPU.Build.0 = Release|Any CPU
		{FE65AC3F-B77B-4FD1-9974-12174BA1FEB2}.Debug|Any CPU.ActiveCfg = Debug|Any CPU
		{FE65AC3F-B77B-4FD1-9974-12174BA1FEB2}.Debug|Any CPU.Build.0 = Debug|Any CPU
		{FE65AC3F-B77B-4FD1-9974-12174BA1FEB2}.Release|Any CPU.ActiveCfg = Release|Any CPU
		{FE65AC3F-B77B-4FD1-9974-12174BA1FEB2}.Release|Any CPU.Build.0 = Release|Any CPU
		{DADB8C14-33DD-4236-A551-AC40D91E8639}.Debug|Any CPU.ActiveCfg = Debug|Any CPU
		{DADB8C14-33DD-4236-A551-AC40D91E8639}.Debug|Any CPU.Build.0 = Debug|Any CPU
		{DADB8C14-33DD-4236-A551-AC40D91E8639}.Release|Any CPU.ActiveCfg = Release|Any CPU
		{DADB8C14-33DD-4236-A551-AC40D91E8639}.Release|Any CPU.Build.0 = Release|Any CPU
		{6CE26BA9-4BFF-48BC-BC04-254D4CEE5779}.Debug|Any CPU.ActiveCfg = Debug|Any CPU
		{6CE26BA9-4BFF-48BC-BC04-254D4CEE5779}.Debug|Any CPU.Build.0 = Debug|Any CPU
		{6CE26BA9-4BFF-48BC-BC04-254D4CEE5779}.Release|Any CPU.ActiveCfg = Release|Any CPU
		{6CE26BA9-4BFF-48BC-BC04-254D4CEE5779}.Release|Any CPU.Build.0 = Release|Any CPU
		{7BD0847E-96A8-4E68-889F-721F1CDE637B}.Debug|Any CPU.ActiveCfg = Debug|Any CPU
		{7BD0847E-96A8-4E68-889F-721F1CDE637B}.Debug|Any CPU.Build.0 = Debug|Any CPU
		{7BD0847E-96A8-4E68-889F-721F1CDE637B}.Release|Any CPU.ActiveCfg = Release|Any CPU
		{7BD0847E-96A8-4E68-889F-721F1CDE637B}.Release|Any CPU.Build.0 = Release|Any CPU
		{281E1DF3-453E-406E-BB15-F712D1E2F70C}.Debug|Any CPU.ActiveCfg = Debug|Any CPU
		{281E1DF3-453E-406E-BB15-F712D1E2F70C}.Debug|Any CPU.Build.0 = Debug|Any CPU
		{281E1DF3-453E-406E-BB15-F712D1E2F70C}.Release|Any CPU.ActiveCfg = Release|Any CPU
		{281E1DF3-453E-406E-BB15-F712D1E2F70C}.Release|Any CPU.Build.0 = Release|Any CPU
		{591CF3B0-D478-4E59-9CDD-ED44E4AECF22}.Debug|Any CPU.ActiveCfg = Debug|Any CPU
		{591CF3B0-D478-4E59-9CDD-ED44E4AECF22}.Debug|Any CPU.Build.0 = Debug|Any CPU
		{591CF3B0-D478-4E59-9CDD-ED44E4AECF22}.Release|Any CPU.ActiveCfg = Release|Any CPU
		{591CF3B0-D478-4E59-9CDD-ED44E4AECF22}.Release|Any CPU.Build.0 = Release|Any CPU
		{A07B1A6A-CFE4-4F3C-BF81-D8132CEDCE36}.Debug|Any CPU.ActiveCfg = Debug|Any CPU
		{A07B1A6A-CFE4-4F3C-BF81-D8132CEDCE36}.Debug|Any CPU.Build.0 = Debug|Any CPU
		{A07B1A6A-CFE4-4F3C-BF81-D8132CEDCE36}.Release|Any CPU.ActiveCfg = Release|Any CPU
		{A07B1A6A-CFE4-4F3C-BF81-D8132CEDCE36}.Release|Any CPU.Build.0 = Release|Any CPU
		{42E13778-7AC4-494E-BF26-E80E36DF32F1}.Debug|Any CPU.ActiveCfg = Debug|Any CPU
		{42E13778-7AC4-494E-BF26-E80E36DF32F1}.Debug|Any CPU.Build.0 = Debug|Any CPU
		{42E13778-7AC4-494E-BF26-E80E36DF32F1}.Release|Any CPU.ActiveCfg = Release|Any CPU
		{42E13778-7AC4-494E-BF26-E80E36DF32F1}.Release|Any CPU.Build.0 = Release|Any CPU
		{F68E7821-5A1D-4622-9411-BB6B0DDDA711}.Debug|Any CPU.ActiveCfg = Debug|Any CPU
		{F68E7821-5A1D-4622-9411-BB6B0DDDA711}.Debug|Any CPU.Build.0 = Debug|Any CPU
		{F68E7821-5A1D-4622-9411-BB6B0DDDA711}.Release|Any CPU.ActiveCfg = Release|Any CPU
		{F68E7821-5A1D-4622-9411-BB6B0DDDA711}.Release|Any CPU.Build.0 = Release|Any CPU
		{36F888E1-E838-43FF-B215-F8880176750F}.Debug|Any CPU.ActiveCfg = Debug|Any CPU
		{36F888E1-E838-43FF-B215-F8880176750F}.Debug|Any CPU.Build.0 = Debug|Any CPU
		{36F888E1-E838-43FF-B215-F8880176750F}.Release|Any CPU.ActiveCfg = Release|Any CPU
		{36F888E1-E838-43FF-B215-F8880176750F}.Release|Any CPU.Build.0 = Release|Any CPU
		{67670D7A-1AA3-4678-B50B-7FBBA71CBC8D}.Debug|Any CPU.ActiveCfg = Debug|Any CPU
		{67670D7A-1AA3-4678-B50B-7FBBA71CBC8D}.Debug|Any CPU.Build.0 = Debug|Any CPU
		{67670D7A-1AA3-4678-B50B-7FBBA71CBC8D}.Release|Any CPU.ActiveCfg = Release|Any CPU
		{67670D7A-1AA3-4678-B50B-7FBBA71CBC8D}.Release|Any CPU.Build.0 = Release|Any CPU
		{2797A251-C8FA-4310-97FC-9DA4CF7100A0}.Debug|Any CPU.ActiveCfg = Debug|Any CPU
		{2797A251-C8FA-4310-97FC-9DA4CF7100A0}.Debug|Any CPU.Build.0 = Debug|Any CPU
		{2797A251-C8FA-4310-97FC-9DA4CF7100A0}.Release|Any CPU.ActiveCfg = Release|Any CPU
		{2797A251-C8FA-4310-97FC-9DA4CF7100A0}.Release|Any CPU.Build.0 = Release|Any CPU
		{A4F7765C-BD39-4C02-A112-016D178BAFEA}.Debug|Any CPU.ActiveCfg = Debug|Any CPU
		{A4F7765C-BD39-4C02-A112-016D178BAFEA}.Debug|Any CPU.Build.0 = Debug|Any CPU
		{A4F7765C-BD39-4C02-A112-016D178BAFEA}.Release|Any CPU.ActiveCfg = Release|Any CPU
		{A4F7765C-BD39-4C02-A112-016D178BAFEA}.Release|Any CPU.Build.0 = Release|Any CPU
	EndGlobalSection
	GlobalSection(SolutionProperties) = preSolution
		HideSolutionNode = FALSE
	EndGlobalSection
	GlobalSection(NestedProjects) = preSolution
		{07D044F2-1400-45FA-9A96-187800A9C960} = {2793E69D-5071-48E5-85EB-CACDCF0F5106}
		{1445A0D1-9119-4BFD-A8A8-3B608872A1BC} = {2793E69D-5071-48E5-85EB-CACDCF0F5106}
		{AA394822-8D16-4BAE-B9D7-EEBC9909277D} = {2793E69D-5071-48E5-85EB-CACDCF0F5106}
		{E57D5F55-F395-4E00-AF48-142971FC113D} = {8E95B616-FFC0-4D86-B5F6-6EC0C01147D3}
		{E50BD552-AE60-45A0-86CE-4D3055E9655B} = {8E95B616-FFC0-4D86-B5F6-6EC0C01147D3}
		{9EED4974-DAA8-4B94-9646-D113D9002848} = {8E95B616-FFC0-4D86-B5F6-6EC0C01147D3}
		{77CFA7D6-C1E5-4E57-955A-79C3B023D7C6} = {30BF263B-4098-4A8E-B64A-4B7D0871506A}
		{8BB2FA98-41F0-40E3-B6EB-2608B7A3D8A9} = {30BF263B-4098-4A8E-B64A-4B7D0871506A}
		{39639117-2292-424C-9750-291C8DC91F30} = {30BF263B-4098-4A8E-B64A-4B7D0871506A}
		{91B27480-79FB-4347-87BB-6DC20346ADA4} = {3A3FEEB8-3B48-47DB-87EE-59844F3CF9FF}
		{49F35620-3747-4CD1-ADDC-927ECB144880} = {3A3FEEB8-3B48-47DB-87EE-59844F3CF9FF}
		{FE65AC3F-B77B-4FD1-9974-12174BA1FEB2} = {3A3FEEB8-3B48-47DB-87EE-59844F3CF9FF}
		{DADB8C14-33DD-4236-A551-AC40D91E8639} = {0F40E440-0CF2-4FEE-A651-174CE6EDE87C}
		{6CE26BA9-4BFF-48BC-BC04-254D4CEE5779} = {0F40E440-0CF2-4FEE-A651-174CE6EDE87C}
		{7BD0847E-96A8-4E68-889F-721F1CDE637B} = {0F40E440-0CF2-4FEE-A651-174CE6EDE87C}
		{281E1DF3-453E-406E-BB15-F712D1E2F70C} = {EA8BC79F-9FF4-42A3-95B0-4666223AB0E4}
		{591CF3B0-D478-4E59-9CDD-ED44E4AECF22} = {EA8BC79F-9FF4-42A3-95B0-4666223AB0E4}
		{A07B1A6A-CFE4-4F3C-BF81-D8132CEDCE36} = {EA8BC79F-9FF4-42A3-95B0-4666223AB0E4}
		{42E13778-7AC4-494E-BF26-E80E36DF32F1} = {6602663F-4732-4DDE-ADE5-5FAC272387B2}
		{F68E7821-5A1D-4622-9411-BB6B0DDDA711} = {6602663F-4732-4DDE-ADE5-5FAC272387B2}
		{36F888E1-E838-43FF-B215-F8880176750F} = {6602663F-4732-4DDE-ADE5-5FAC272387B2}
		{67670D7A-1AA3-4678-B50B-7FBBA71CBC8D} = {AF59B181-4652-488F-A849-D8C0066425F0}
		{2797A251-C8FA-4310-97FC-9DA4CF7100A0} = {AF59B181-4652-488F-A849-D8C0066425F0}
		{A4F7765C-BD39-4C02-A112-016D178BAFEA} = {AF59B181-4652-488F-A849-D8C0066425F0}
	EndGlobalSection
	GlobalSection(ExtensibilityGlobals) = postSolution
		SolutionGuid = {39FEBA06-DF5B-416B-990C-09316A155141}
	EndGlobalSection
EndGlobal
